
Microsoft Visual Studio Solution File, Format Version 12.00
# Visual Studio 2012
Project("{FAE04EC0-301F-11D3-BF4B-00C04F79EFBC}") = "Siege.Profiling", "Siege.Profiling\Siege.Profiling.csproj", "{2FFC3292-146F-4E05-910B-539440B1B12F}"
EndProject
Project("{FAE04EC0-301F-11D3-BF4B-00C04F79EFBC}") = "Siege.Profiling.NHibernate", "Siege.Profiling.NHibernate\Siege.Profiling.NHibernate.csproj", "{59643230-B80E-46B4-97E0-C341EE926AC1}"
EndProject
Global
	GlobalSection(SolutionConfigurationPlatforms) = preSolution
		Debug|Any CPU = Debug|Any CPU
		Release|Any CPU = Release|Any CPU
	EndGlobalSection
	GlobalSection(ProjectConfigurationPlatforms) = postSolution
		{2FFC3292-146F-4E05-910B-539440B1B12F}.Debug|Any CPU.ActiveCfg = Debug|Any CPU
		{2FFC3292-146F-4E05-910B-539440B1B12F}.Debug|Any CPU.Build.0 = Debug|Any CPU
		{2FFC3292-146F-4E05-910B-539440B1B12F}.Release|Any CPU.ActiveCfg = Release|Any CPU
		{2FFC3292-146F-4E05-910B-539440B1B12F}.Release|Any CPU.Build.0 = Release|Any CPU
		{59643230-B80E-46B4-97E0-C341EE926AC1}.Debug|Any CPU.ActiveCfg = Debug|Any CPU
		{59643230-B80E-46B4-97E0-C341EE926AC1}.Debug|Any CPU.Build.0 = Debug|Any CPU
		{59643230-B80E-46B4-97E0-C341EE926AC1}.Release|Any CPU.ActiveCfg = Release|Any CPU
		{59643230-B80E-46B4-97E0-C341EE926AC1}.Release|Any CPU.Build.0 = Release|Any CPU
	EndGlobalSection
	GlobalSection(SolutionProperties) = preSolution
		HideSolutionNode = FALSE
	EndGlobalSection
EndGlobal
